// !$*UTF8*$!
{
	archiveVersion = 1;
	classes = {
	};
	objectVersion = 51;
	objects = {

/* Begin PBXBuildFile section */
		A048DB140422F5F45FF965DA /* Pods_SwiftUI_LoginView.framework in Frameworks */ = {isa = PBXBuildFile; fileRef = 54F38359FA8C528B63190C42 /* Pods_SwiftUI_LoginView.framework */; };
		B521687D2455431E00018F73 /* LoginButton.swift in Sources */ = {isa = PBXBuildFile; fileRef = B521687C2455431E00018F73 /* LoginButton.swift */; };
		B526833B244BC84A001E2A3F /* EmailAuthenticationCntroller.swift in Sources */ = {isa = PBXBuildFile; fileRef = B526833A244BC84A001E2A3F /* EmailAuthenticationCntroller.swift */; };
		B5288C27245868C5003DB81A /* ResetPasswordView.swift in Sources */ = {isa = PBXBuildFile; fileRef = B5288C26245868C5003DB81A /* ResetPasswordView.swift */; };
		B5288C292458AEBF003DB81A /* ResetSuccessful.swift in Sources */ = {isa = PBXBuildFile; fileRef = B5288C282458AEBE003DB81A /* ResetSuccessful.swift */; };
		B54739E52458324F00DD687C /* RegistrationInputPage.swift in Sources */ = {isa = PBXBuildFile; fileRef = B54739E42458324F00DD687C /* RegistrationInputPage.swift */; };
		B557014D245178AD00E9EB51 /* LoginFooterView.swift in Sources */ = {isa = PBXBuildFile; fileRef = B557014C245178AD00E9EB51 /* LoginFooterView.swift */; };
		B5A683AA24474E8E00892E03 /* AppDelegate.swift in Sources */ = {isa = PBXBuildFile; fileRef = B5A683A924474E8E00892E03 /* AppDelegate.swift */; };
		B5A683AC24474E8E00892E03 /* SceneDelegate.swift in Sources */ = {isa = PBXBuildFile; fileRef = B5A683AB24474E8E00892E03 /* SceneDelegate.swift */; };
		B5A683AE24474E8E00892E03 /* ContentView.swift in Sources */ = {isa = PBXBuildFile; fileRef = B5A683AD24474E8E00892E03 /* ContentView.swift */; };
		B5A683B024474E9000892E03 /* Assets.xcassets in Resources */ = {isa = PBXBuildFile; fileRef = B5A683AF24474E9000892E03 /* Assets.xcassets */; };
		B5A683B324474E9000892E03 /* Preview Assets.xcassets in Resources */ = {isa = PBXBuildFile; fileRef = B5A683B224474E9000892E03 /* Preview Assets.xcassets */; };
		B5A683B624474E9000892E03 /* LaunchScreen.storyboard in Resources */ = {isa = PBXBuildFile; fileRef = B5A683B424474E9000892E03 /* LaunchScreen.storyboard */; };
		B5A683BE2447504700892E03 /* PageViewController.swift in Sources */ = {isa = PBXBuildFile; fileRef = B5A683BD2447504700892E03 /* PageViewController.swift */; };
		B5A683C02447689000892E03 /* OnboardingPageView.swift in Sources */ = {isa = PBXBuildFile; fileRef = B5A683BF2447689000892E03 /* OnboardingPageView.swift */; };
		B5A683C22447725800892E03 /* OnboardingListView.swift in Sources */ = {isa = PBXBuildFile; fileRef = B5A683C12447725800892E03 /* OnboardingListView.swift */; };
		B5A683C42447BBB400892E03 /* PageControl.swift in Sources */ = {isa = PBXBuildFile; fileRef = B5A683C32447BBB400892E03 /* PageControl.swift */; };
		B5ABD32F244894C700C6A4F0 /* OnboardingDetailView.swift in Sources */ = {isa = PBXBuildFile; fileRef = B5ABD32E244894C700C6A4F0 /* OnboardingDetailView.swift */; };
		B5ABD3312448E12B00C6A4F0 /* OnboardingView.swift in Sources */ = {isa = PBXBuildFile; fileRef = B5ABD3302448E12B00C6A4F0 /* OnboardingView.swift */; };
		B5ABD3372448FD4900C6A4F0 /* LoginView.swift in Sources */ = {isa = PBXBuildFile; fileRef = B5ABD3362448FD4900C6A4F0 /* LoginView.swift */; };
		B5ABD345244A6A9300C6A4F0 /* TextFieldView.swift in Sources */ = {isa = PBXBuildFile; fileRef = B5ABD344244A6A9300C6A4F0 /* TextFieldView.swift */; };
		B5BAD36F2452C70500FF45C7 /* MainPageView.swift in Sources */ = {isa = PBXBuildFile; fileRef = B5BAD36E2452C70500FF45C7 /* MainPageView.swift */; };
		B5D2DF61245A35F000843336 /* ResetView.swift in Sources */ = {isa = PBXBuildFile; fileRef = B5D2DF60245A35F000843336 /* ResetView.swift */; };
		B5F61EA1244BAA6400FEE0EB /* GoogleService-Info.plist in Resources */ = {isa = PBXBuildFile; fileRef = B5F61EA0244BAA6400FEE0EB /* GoogleService-Info.plist */; };
		B5F69382244F7C8600A4CCD5 /* RegistrationPageView.swift in Sources */ = {isa = PBXBuildFile; fileRef = B5F69381244F7C8600A4CCD5 /* RegistrationPageView.swift */; };
		B5F8B953244C926D00A453A6 /* OnboardingPageModel.swift in Sources */ = {isa = PBXBuildFile; fileRef = B5F8B952244C926D00A453A6 /* OnboardingPageModel.swift */; };
/* End PBXBuildFile section */

/* Begin PBXFileReference section */
		54F38359FA8C528B63190C42 /* Pods_SwiftUI_LoginView.framework */ = {isa = PBXFileReference; explicitFileType = wrapper.framework; includeInIndex = 0; path = Pods_SwiftUI_LoginView.framework; sourceTree = BUILT_PRODUCTS_DIR; };
		8B1D3FBD0C8A072638BA5B0B /* Pods-SwiftUI-LoginView.release.xcconfig */ = {isa = PBXFileReference; includeInIndex = 1; lastKnownFileType = text.xcconfig; name = "Pods-SwiftUI-LoginView.release.xcconfig"; path = "Target Support Files/Pods-SwiftUI-LoginView/Pods-SwiftUI-LoginView.release.xcconfig"; sourceTree = "<group>"; };
		B521687C2455431E00018F73 /* LoginButton.swift */ = {isa = PBXFileReference; lastKnownFileType = sourcecode.swift; path = LoginButton.swift; sourceTree = "<group>"; };
		B526833A244BC84A001E2A3F /* EmailAuthenticationCntroller.swift */ = {isa = PBXFileReference; lastKnownFileType = sourcecode.swift; path = EmailAuthenticationCntroller.swift; sourceTree = "<group>"; };
		B5288C26245868C5003DB81A /* ResetPasswordView.swift */ = {isa = PBXFileReference; lastKnownFileType = sourcecode.swift; path = ResetPasswordView.swift; sourceTree = "<group>"; };
		B5288C282458AEBE003DB81A /* ResetSuccessful.swift */ = {isa = PBXFileReference; lastKnownFileType = sourcecode.swift; path = ResetSuccessful.swift; sourceTree = "<group>"; };
		B54739E42458324F00DD687C /* RegistrationInputPage.swift */ = {isa = PBXFileReference; lastKnownFileType = sourcecode.swift; path = RegistrationInputPage.swift; sourceTree = "<group>"; };
		B557014C245178AD00E9EB51 /* LoginFooterView.swift */ = {isa = PBXFileReference; lastKnownFileType = sourcecode.swift; path = LoginFooterView.swift; sourceTree = "<group>"; };
		B5A683A624474E8E00892E03 /* SwiftUI-LoginView.app */ = {isa = PBXFileReference; explicitFileType = wrapper.application; includeInIndex = 0; path = "SwiftUI-LoginView.app"; sourceTree = BUILT_PRODUCTS_DIR; };
		B5A683A924474E8E00892E03 /* AppDelegate.swift */ = {isa = PBXFileReference; lastKnownFileType = sourcecode.swift; path = AppDelegate.swift; sourceTree = "<group>"; };
		B5A683AB24474E8E00892E03 /* SceneDelegate.swift */ = {isa = PBXFileReference; lastKnownFileType = sourcecode.swift; path = SceneDelegate.swift; sourceTree = "<group>"; };
		B5A683AD24474E8E00892E03 /* ContentView.swift */ = {isa = PBXFileReference; lastKnownFileType = sourcecode.swift; path = ContentView.swift; sourceTree = "<group>"; };
		B5A683AF24474E9000892E03 /* Assets.xcassets */ = {isa = PBXFileReference; lastKnownFileType = folder.assetcatalog; path = Assets.xcassets; sourceTree = "<group>"; };
		B5A683B224474E9000892E03 /* Preview Assets.xcassets */ = {isa = PBXFileReference; lastKnownFileType = folder.assetcatalog; path = "Preview Assets.xcassets"; sourceTree = "<group>"; };
		B5A683B524474E9000892E03 /* Base */ = {isa = PBXFileReference; lastKnownFileType = file.storyboard; name = Base; path = Base.lproj/LaunchScreen.storyboard; sourceTree = "<group>"; };
		B5A683B724474E9000892E03 /* Info.plist */ = {isa = PBXFileReference; lastKnownFileType = text.plist.xml; path = Info.plist; sourceTree = "<group>"; };
		B5A683BD2447504700892E03 /* PageViewController.swift */ = {isa = PBXFileReference; lastKnownFileType = sourcecode.swift; path = PageViewController.swift; sourceTree = "<group>"; };
		B5A683BF2447689000892E03 /* OnboardingPageView.swift */ = {isa = PBXFileReference; lastKnownFileType = sourcecode.swift; path = OnboardingPageView.swift; sourceTree = "<group>"; };
		B5A683C12447725800892E03 /* OnboardingListView.swift */ = {isa = PBXFileReference; lastKnownFileType = sourcecode.swift; path = OnboardingListView.swift; sourceTree = "<group>"; };
		B5A683C32447BBB400892E03 /* PageControl.swift */ = {isa = PBXFileReference; lastKnownFileType = sourcecode.swift; path = PageControl.swift; sourceTree = "<group>"; };
		B5ABD32E244894C700C6A4F0 /* OnboardingDetailView.swift */ = {isa = PBXFileReference; lastKnownFileType = sourcecode.swift; path = OnboardingDetailView.swift; sourceTree = "<group>"; };
		B5ABD3302448E12B00C6A4F0 /* OnboardingView.swift */ = {isa = PBXFileReference; lastKnownFileType = sourcecode.swift; path = OnboardingView.swift; sourceTree = "<group>"; };
		B5ABD3362448FD4900C6A4F0 /* LoginView.swift */ = {isa = PBXFileReference; lastKnownFileType = sourcecode.swift; path = LoginView.swift; sourceTree = "<group>"; };
		B5ABD344244A6A9300C6A4F0 /* TextFieldView.swift */ = {isa = PBXFileReference; lastKnownFileType = sourcecode.swift; path = TextFieldView.swift; sourceTree = "<group>"; };
		B5BAD36E2452C70500FF45C7 /* MainPageView.swift */ = {isa = PBXFileReference; lastKnownFileType = sourcecode.swift; path = MainPageView.swift; sourceTree = "<group>"; };
		B5D2DF60245A35F000843336 /* ResetView.swift */ = {isa = PBXFileReference; lastKnownFileType = sourcecode.swift; path = ResetView.swift; sourceTree = "<group>"; };
		B5F61EA0244BAA6400FEE0EB /* GoogleService-Info.plist */ = {isa = PBXFileReference; fileEncoding = 4; lastKnownFileType = text.plist.xml; path = "GoogleService-Info.plist"; sourceTree = "<group>"; };
		B5F69381244F7C8600A4CCD5 /* RegistrationPageView.swift */ = {isa = PBXFileReference; lastKnownFileType = sourcecode.swift; path = RegistrationPageView.swift; sourceTree = "<group>"; };
		B5F8B952244C926D00A453A6 /* OnboardingPageModel.swift */ = {isa = PBXFileReference; lastKnownFileType = sourcecode.swift; path = OnboardingPageModel.swift; sourceTree = "<group>"; };
		E810B4110D991516F607CB7F /* Pods-SwiftUI-LoginView.debug.xcconfig */ = {isa = PBXFileReference; includeInIndex = 1; lastKnownFileType = text.xcconfig; name = "Pods-SwiftUI-LoginView.debug.xcconfig"; path = "Target Support Files/Pods-SwiftUI-LoginView/Pods-SwiftUI-LoginView.debug.xcconfig"; sourceTree = "<group>"; };
/* End PBXFileReference section */

/* Begin PBXFrameworksBuildPhase section */
		B5A683A324474E8E00892E03 /* Frameworks */ = {
			isa = PBXFrameworksBuildPhase;
			buildActionMask = 2147483647;
			files = (
				A048DB140422F5F45FF965DA /* Pods_SwiftUI_LoginView.framework in Frameworks */,
			);
			runOnlyForDeploymentPostprocessing = 0;
		};
/* End PBXFrameworksBuildPhase section */

/* Begin PBXGroup section */
		7BFC11D2E31B4F7135C65A87 /* Frameworks */ = {
			isa = PBXGroup;
			children = (
				54F38359FA8C528B63190C42 /* Pods_SwiftUI_LoginView.framework */,
			);
			name = Frameworks;
			sourceTree = "<group>";
		};
		B52168782455421500018F73 /* SignIn */ = {
			isa = PBXGroup;
			children = (
				B5ABD3362448FD4900C6A4F0 /* LoginView.swift */,
				B521687C2455431E00018F73 /* LoginButton.swift */,
				B557014C245178AD00E9EB51 /* LoginFooterView.swift */,
			);
			path = SignIn;
			sourceTree = "<group>";
		};
		B52168792455421F00018F73 /* SignUp */ = {
			isa = PBXGroup;
			children = (
				B5F69381244F7C8600A4CCD5 /* RegistrationPageView.swift */,
				B54739E42458324F00DD687C /* RegistrationInputPage.swift */,
			);
			path = SignUp;
			sourceTree = "<group>";
		};
		B526833C244C8674001E2A3F /* Views */ = {
			isa = PBXGroup;
			children = (
				B5A683AD24474E8E00892E03 /* ContentView.swift */,
				B5BAD36E2452C70500FF45C7 /* MainPageView.swift */,
				B5ABD3322448E1F500C6A4F0 /* Onboarding */,
				B5ABD3332448E24B00C6A4F0 /* Authentication */,
			);
			path = Views;
			sourceTree = "<group>";
		};
		B526833D244C86B5001E2A3F /* Models */ = {
			isa = PBXGroup;
			children = (
				B5F8B952244C926D00A453A6 /* OnboardingPageModel.swift */,
			);
			path = Models;
			sourceTree = "<group>";
		};
		B526833E244C86FC001E2A3F /* Controllers */ = {
			isa = PBXGroup;
			children = (
				B5A683C32447BBB400892E03 /* PageControl.swift */,
				B526833A244BC84A001E2A3F /* EmailAuthenticationCntroller.swift */,
				B5A683BD2447504700892E03 /* PageViewController.swift */,
			);
			path = Controllers;
			sourceTree = "<group>";
		};
		B5A6839D24474E8E00892E03 = {
			isa = PBXGroup;
			children = (
				B5A683A824474E8E00892E03 /* SwiftUI-LoginView */,
				B5A683A724474E8E00892E03 /* Products */,
				B6126006F392D024C7D5C23D /* Pods */,
				7BFC11D2E31B4F7135C65A87 /* Frameworks */,
			);
			sourceTree = "<group>";
		};
		B5A683A724474E8E00892E03 /* Products */ = {
			isa = PBXGroup;
			children = (
				B5A683A624474E8E00892E03 /* SwiftUI-LoginView.app */,
			);
			name = Products;
			sourceTree = "<group>";
		};
		B5A683A824474E8E00892E03 /* SwiftUI-LoginView */ = {
			isa = PBXGroup;
			children = (
				B526833E244C86FC001E2A3F /* Controllers */,
				B526833D244C86B5001E2A3F /* Models */,
				B526833C244C8674001E2A3F /* Views */,
				B5A683AB24474E8E00892E03 /* SceneDelegate.swift */,
				B5A683A924474E8E00892E03 /* AppDelegate.swift */,
				B5A683AF24474E9000892E03 /* Assets.xcassets */,
				B5A683B424474E9000892E03 /* LaunchScreen.storyboard */,
				B5F61EA0244BAA6400FEE0EB /* GoogleService-Info.plist */,
				B5A683B724474E9000892E03 /* Info.plist */,
				B5A683B124474E9000892E03 /* Preview Content */,
			);
			path = "SwiftUI-LoginView";
			sourceTree = "<group>";
		};
		B5A683B124474E9000892E03 /* Preview Content */ = {
			isa = PBXGroup;
			children = (
				B5A683B224474E9000892E03 /* Preview Assets.xcassets */,
			);
			path = "Preview Content";
			sourceTree = "<group>";
		};
		B5ABD3322448E1F500C6A4F0 /* Onboarding */ = {
			isa = PBXGroup;
			children = (
				B5ABD3302448E12B00C6A4F0 /* OnboardingView.swift */,
				B5A683C12447725800892E03 /* OnboardingListView.swift */,
				B5A683BF2447689000892E03 /* OnboardingPageView.swift */,
				B5ABD32E244894C700C6A4F0 /* OnboardingDetailView.swift */,
			);
			path = Onboarding;
			sourceTree = "<group>";
		};
		B5ABD3332448E24B00C6A4F0 /* Authentication */ = {
			isa = PBXGroup;
			children = (
				B5D2DF62245A374B00843336 /* Reset */,
				B52168792455421F00018F73 /* SignUp */,
				B52168782455421500018F73 /* SignIn */,
				B5ABD344244A6A9300C6A4F0 /* TextFieldView.swift */,
			);
			path = Authentication;
			sourceTree = "<group>";
		};
		B5D2DF62245A374B00843336 /* Reset */ = {
			isa = PBXGroup;
			children = (
				B5288C282458AEBE003DB81A /* ResetSuccessful.swift */,
				B5288C26245868C5003DB81A /* ResetPasswordView.swift */,
				B5D2DF60245A35F000843336 /* ResetView.swift */,
			);
			path = Reset;
			sourceTree = "<group>";
		};
		B6126006F392D024C7D5C23D /* Pods */ = {
			isa = PBXGroup;
			children = (
				E810B4110D991516F607CB7F /* Pods-SwiftUI-LoginView.debug.xcconfig */,
				8B1D3FBD0C8A072638BA5B0B /* Pods-SwiftUI-LoginView.release.xcconfig */,
			);
			path = Pods;
			sourceTree = "<group>";
		};
/* End PBXGroup section */

/* Begin PBXNativeTarget section */
		B5A683A524474E8E00892E03 /* SwiftUI-LoginView */ = {
			isa = PBXNativeTarget;
			buildConfigurationList = B5A683BA24474E9000892E03 /* Build configuration list for PBXNativeTarget "SwiftUI-LoginView" */;
			buildPhases = (
				B742D08BA6EDC42A250B3D32 /* [CP] Check Pods Manifest.lock */,
				B5A683A224474E8E00892E03 /* Sources */,
				B5A683A324474E8E00892E03 /* Frameworks */,
				B5A683A424474E8E00892E03 /* Resources */,
				A87AF42975CC520F84B14B29 /* [CP] Embed Pods Frameworks */,
			);
			buildRules = (
			);
			dependencies = (
			);
			name = "SwiftUI-LoginView";
			productName = "SwiftUI-LoginView";
			productReference = B5A683A624474E8E00892E03 /* SwiftUI-LoginView.app */;
			productType = "com.apple.product-type.application";
		};
/* End PBXNativeTarget section */

/* Begin PBXProject section */
		B5A6839E24474E8E00892E03 /* Project object */ = {
			isa = PBXProject;
			attributes = {
				LastSwiftUpdateCheck = 1140;
				LastUpgradeCheck = 1140;
				ORGANIZATIONNAME = "Максим";
				TargetAttributes = {
					B5A683A524474E8E00892E03 = {
						CreatedOnToolsVersion = 11.4;
					};
				};
			};
			buildConfigurationList = B5A683A124474E8E00892E03 /* Build configuration list for PBXProject "SwiftUI-LoginView" */;
			compatibilityVersion = "Xcode 9.3";
			developmentRegion = en;
			hasScannedForEncodings = 0;
			knownRegions = (
				en,
				Base,
			);
			mainGroup = B5A6839D24474E8E00892E03;
			productRefGroup = B5A683A724474E8E00892E03 /* Products */;
			projectDirPath = "";
			projectRoot = "";
			targets = (
				B5A683A524474E8E00892E03 /* SwiftUI-LoginView */,
			);
		};
/* End PBXProject section */

/* Begin PBXResourcesBuildPhase section */
		B5A683A424474E8E00892E03 /* Resources */ = {
			isa = PBXResourcesBuildPhase;
			buildActionMask = 2147483647;
			files = (
				B5A683B624474E9000892E03 /* LaunchScreen.storyboard in Resources */,
				B5F61EA1244BAA6400FEE0EB /* GoogleService-Info.plist in Resources */,
				B5A683B324474E9000892E03 /* Preview Assets.xcassets in Resources */,
				B5A683B024474E9000892E03 /* Assets.xcassets in Resources */,
			);
			runOnlyForDeploymentPostprocessing = 0;
		};
/* End PBXResourcesBuildPhase section */

/* Begin PBXShellScriptBuildPhase section */
		A87AF42975CC520F84B14B29 /* [CP] Embed Pods Frameworks */ = {
			isa = PBXShellScriptBuildPhase;
			buildActionMask = 2147483647;
			files = (
			);
			inputFileListPaths = (
				"${PODS_ROOT}/Target Support Files/Pods-SwiftUI-LoginView/Pods-SwiftUI-LoginView-frameworks-${CONFIGURATION}-input-files.xcfilelist",
			);
			name = "[CP] Embed Pods Frameworks";
			outputFileListPaths = (
				"${PODS_ROOT}/Target Support Files/Pods-SwiftUI-LoginView/Pods-SwiftUI-LoginView-frameworks-${CONFIGURATION}-output-files.xcfilelist",
			);
			runOnlyForDeploymentPostprocessing = 0;
			shellPath = /bin/sh;
			shellScript = "\"${PODS_ROOT}/Target Support Files/Pods-SwiftUI-LoginView/Pods-SwiftUI-LoginView-frameworks.sh\"\n";
			showEnvVarsInLog = 0;
		};
		B742D08BA6EDC42A250B3D32 /* [CP] Check Pods Manifest.lock */ = {
			isa = PBXShellScriptBuildPhase;
			buildActionMask = 2147483647;
			files = (
			);
			inputFileListPaths = (
			);
			inputPaths = (
				"${PODS_PODFILE_DIR_PATH}/Podfile.lock",
				"${PODS_ROOT}/Manifest.lock",
			);
			name = "[CP] Check Pods Manifest.lock";
			outputFileListPaths = (
			);
			outputPaths = (
				"$(DERIVED_FILE_DIR)/Pods-SwiftUI-LoginView-checkManifestLockResult.txt",
			);
			runOnlyForDeploymentPostprocessing = 0;
			shellPath = /bin/sh;
			shellScript = "diff \"${PODS_PODFILE_DIR_PATH}/Podfile.lock\" \"${PODS_ROOT}/Manifest.lock\" > /dev/null\nif [ $? != 0 ] ; then\n    # print error to STDERR\n    echo \"error: The sandbox is not in sync with the Podfile.lock. Run 'pod install' or update your CocoaPods installation.\" >&2\n    exit 1\nfi\n# This output is used by Xcode 'outputs' to avoid re-running this script phase.\necho \"SUCCESS\" > \"${SCRIPT_OUTPUT_FILE_0}\"\n";
			showEnvVarsInLog = 0;
		};
/* End PBXShellScriptBuildPhase section */

/* Begin PBXSourcesBuildPhase section */
		B5A683A224474E8E00892E03 /* Sources */ = {
			isa = PBXSourcesBuildPhase;
			buildActionMask = 2147483647;
			files = (
				B5A683C02447689000892E03 /* OnboardingPageView.swift in Sources */,
				B5A683C42447BBB400892E03 /* PageControl.swift in Sources */,
				B5A683AA24474E8E00892E03 /* AppDelegate.swift in Sources */,
				B5A683AC24474E8E00892E03 /* SceneDelegate.swift in Sources */,
				B5A683C22447725800892E03 /* OnboardingListView.swift in Sources */,
				B5A683AE24474E8E00892E03 /* ContentView.swift in Sources */,
				B5288C27245868C5003DB81A /* ResetPasswordView.swift in Sources */,
				B5F69382244F7C8600A4CCD5 /* RegistrationPageView.swift in Sources */,
				B5BAD36F2452C70500FF45C7 /* MainPageView.swift in Sources */,
				B5ABD32F244894C700C6A4F0 /* OnboardingDetailView.swift in Sources */,
				B5ABD3312448E12B00C6A4F0 /* OnboardingView.swift in Sources */,
				B526833B244BC84A001E2A3F /* EmailAuthenticationCntroller.swift in Sources */,
				B5ABD345244A6A9300C6A4F0 /* TextFieldView.swift in Sources */,
				B5F8B953244C926D00A453A6 /* OnboardingPageModel.swift in Sources */,
				B54739E52458324F00DD687C /* RegistrationInputPage.swift in Sources */,
				B5D2DF61245A35F000843336 /* ResetView.swift in Sources */,
				B5ABD3372448FD4900C6A4F0 /* LoginView.swift in Sources */,
				B521687D2455431E00018F73 /* LoginButton.swift in Sources */,
				B5A683BE2447504700892E03 /* PageViewController.swift in Sources */,
				B5288C292458AEBF003DB81A /* ResetSuccessful.swift in Sources */,
				B557014D245178AD00E9EB51 /* LoginFooterView.swift in Sources */,
			);
			runOnlyForDeploymentPostprocessing = 0;
		};
/* End PBXSourcesBuildPhase section */

/* Begin PBXVariantGroup section */
		B5A683B424474E9000892E03 /* LaunchScreen.storyboard */ = {
			isa = PBXVariantGroup;
			children = (
				B5A683B524474E9000892E03 /* Base */,
			);
			name = LaunchScreen.storyboard;
			sourceTree = "<group>";
		};
/* End PBXVariantGroup section */

/* Begin XCBuildConfiguration section */
		B5A683B824474E9000892E03 /* Debug */ = {
			isa = XCBuildConfiguration;
			buildSettings = {
				ALWAYS_SEARCH_USER_PATHS = NO;
				CLANG_ANALYZER_NONNULL = YES;
				CLANG_ANALYZER_NUMBER_OBJECT_CONVERSION = YES_AGGRESSIVE;
				CLANG_CXX_LANGUAGE_STANDARD = "gnu++14";
				CLANG_CXX_LIBRARY = "libc++";
				CLANG_ENABLE_MODULES = YES;
				CLANG_ENABLE_OBJC_ARC = YES;
				CLANG_ENABLE_OBJC_WEAK = YES;
				CLANG_WARN_BLOCK_CAPTURE_AUTORELEASING = YES;
				CLANG_WARN_BOOL_CONVERSION = YES;
				CLANG_WARN_COMMA = YES;
				CLANG_WARN_CONSTANT_CONVERSION = YES;
				CLANG_WARN_DEPRECATED_OBJC_IMPLEMENTATIONS = YES;
				CLANG_WARN_DIRECT_OBJC_ISA_USAGE = YES_ERROR;
				CLANG_WARN_DOCUMENTATION_COMMENTS = YES;
				CLANG_WARN_EMPTY_BODY = YES;
				CLANG_WARN_ENUM_CONVERSION = YES;
				CLANG_WARN_INFINITE_RECURSION = YES;
				CLANG_WARN_INT_CONVERSION = YES;
				CLANG_WARN_NON_LITERAL_NULL_CONVERSION = YES;
				CLANG_WARN_OBJC_IMPLICIT_RETAIN_SELF = YES;
				CLANG_WARN_OBJC_LITERAL_CONVERSION = YES;
				CLANG_WARN_OBJC_ROOT_CLASS = YES_ERROR;
				CLANG_WARN_RANGE_LOOP_ANALYSIS = YES;
				CLANG_WARN_STRICT_PROTOTYPES = YES;
				CLANG_WARN_SUSPICIOUS_MOVE = YES;
				CLANG_WARN_UNGUARDED_AVAILABILITY = YES_AGGRESSIVE;
				CLANG_WARN_UNREACHABLE_CODE = YES;
				CLANG_WARN__DUPLICATE_METHOD_MATCH = YES;
				COPY_PHASE_STRIP = NO;
				DEBUG_INFORMATION_FORMAT = dwarf;
				ENABLE_STRICT_OBJC_MSGSEND = YES;
				ENABLE_TESTABILITY = YES;
				GCC_C_LANGUAGE_STANDARD = gnu11;
				GCC_DYNAMIC_NO_PIC = NO;
				GCC_NO_COMMON_BLOCKS = YES;
				GCC_OPTIMIZATION_LEVEL = 0;
				GCC_PREPROCESSOR_DEFINITIONS = (
					"DEBUG=1",
					"$(inherited)",
				);
				GCC_WARN_64_TO_32_BIT_CONVERSION = YES;
				GCC_WARN_ABOUT_RETURN_TYPE = YES_ERROR;
				GCC_WARN_UNDECLARED_SELECTOR = YES;
				GCC_WARN_UNINITIALIZED_AUTOS = YES_AGGRESSIVE;
				GCC_WARN_UNUSED_FUNCTION = YES;
				GCC_WARN_UNUSED_VARIABLE = YES;
				IPHONEOS_DEPLOYMENT_TARGET = 13.4;
				MTL_ENABLE_DEBUG_INFO = INCLUDE_SOURCE;
				MTL_FAST_MATH = YES;
				ONLY_ACTIVE_ARCH = YES;
				SDKROOT = iphoneos;
				SWIFT_ACTIVE_COMPILATION_CONDITIONS = DEBUG;
				SWIFT_OPTIMIZATION_LEVEL = "-Onone";
			};
			name = Debug;
		};
		B5A683B924474E9000892E03 /* Release */ = {
			isa = XCBuildConfiguration;
			buildSettings = {
				ALWAYS_SEARCH_USER_PATHS = NO;
				CLANG_ANALYZER_NONNULL = YES;
				CLANG_ANALYZER_NUMBER_OBJECT_CONVERSION = YES_AGGRESSIVE;
				CLANG_CXX_LANGUAGE_STANDARD = "gnu++14";
				CLANG_CXX_LIBRARY = "libc++";
				CLANG_ENABLE_MODULES = YES;
				CLANG_ENABLE_OBJC_ARC = YES;
				CLANG_ENABLE_OBJC_WEAK = YES;
				CLANG_WARN_BLOCK_CAPTURE_AUTORELEASING = YES;
				CLANG_WARN_BOOL_CONVERSION = YES;
				CLANG_WARN_COMMA = YES;
				CLANG_WARN_CONSTANT_CONVERSION = YES;
				CLANG_WARN_DEPRECATED_OBJC_IMPLEMENTATIONS = YES;
				CLANG_WARN_DIRECT_OBJC_ISA_USAGE = YES_ERROR;
				CLANG_WARN_DOCUMENTATION_COMMENTS = YES;
				CLANG_WARN_EMPTY_BODY = YES;
				CLANG_WARN_ENUM_CONVERSION = YES;
				CLANG_WARN_INFINITE_RECURSION = YES;
				CLANG_WARN_INT_CONVERSION = YES;
				CLANG_WARN_NON_LITERAL_NULL_CONVERSION = YES;
				CLANG_WARN_OBJC_IMPLICIT_RETAIN_SELF = YES;
				CLANG_WARN_OBJC_LITERAL_CONVERSION = YES;
				CLANG_WARN_OBJC_ROOT_CLASS = YES_ERROR;
				CLANG_WARN_RANGE_LOOP_ANALYSIS = YES;
				CLANG_WARN_STRICT_PROTOTYPES = YES;
				CLANG_WARN_SUSPICIOUS_MOVE = YES;
				CLANG_WARN_UNGUARDED_AVAILABILITY = YES_AGGRESSIVE;
				CLANG_WARN_UNREACHABLE_CODE = YES;
				CLANG_WARN__DUPLICATE_METHOD_MATCH = YES;
				COPY_PHASE_STRIP = NO;
				DEBUG_INFORMATION_FORMAT = "dwarf-with-dsym";
				ENABLE_NS_ASSERTIONS = NO;
				ENABLE_STRICT_OBJC_MSGSEND = YES;
				GCC_C_LANGUAGE_STANDARD = gnu11;
				GCC_NO_COMMON_BLOCKS = YES;
				GCC_WARN_64_TO_32_BIT_CONVERSION = YES;
				GCC_WARN_ABOUT_RETURN_TYPE = YES_ERROR;
				GCC_WARN_UNDECLARED_SELECTOR = YES;
				GCC_WARN_UNINITIALIZED_AUTOS = YES_AGGRESSIVE;
				GCC_WARN_UNUSED_FUNCTION = YES;
				GCC_WARN_UNUSED_VARIABLE = YES;
				IPHONEOS_DEPLOYMENT_TARGET = 13.4;
				MTL_ENABLE_DEBUG_INFO = NO;
				MTL_FAST_MATH = YES;
				SDKROOT = iphoneos;
				SWIFT_COMPILATION_MODE = wholemodule;
				SWIFT_OPTIMIZATION_LEVEL = "-O";
				VALIDATE_PRODUCT = YES;
			};
			name = Release;
		};
		B5A683BB24474E9000892E03 /* Debug */ = {
			isa = XCBuildConfiguration;
			baseConfigurationReference = E810B4110D991516F607CB7F /* Pods-SwiftUI-LoginView.debug.xcconfig */;
			buildSettings = {
				ASSETCATALOG_COMPILER_APPICON_NAME = AppIcon;
				CODE_SIGN_STYLE = Automatic;
				DEVELOPMENT_ASSET_PATHS = "\"SwiftUI-LoginView/Preview Content\"";
				DEVELOPMENT_TEAM = W7G8NRL7L9;
				ENABLE_PREVIEWS = YES;
				INFOPLIST_FILE = "SwiftUI-LoginView/Info.plist";
				LD_RUNPATH_SEARCH_PATHS = (
					"$(inherited)",
					"@executable_path/Frameworks",
				);
				PRODUCT_BUNDLE_IDENTIFIER = "com.maksimmalyshev.SwiftUI-LoginView";
				PRODUCT_NAME = "$(TARGET_NAME)";
				SWIFT_VERSION = 5.0;
				TARGETED_DEVICE_FAMILY = "1,2";
			};
			name = Debug;
		};
		B5A683BC24474E9000892E03 /* Release */ = {
			isa = XCBuildConfiguration;
			baseConfigurationReference = 8B1D3FBD0C8A072638BA5B0B /* Pods-SwiftUI-LoginView.release.xcconfig */;
			buildSettings = {
				ASSETCATALOG_COMPILER_APPICON_NAME = AppIcon;
				CODE_SIGN_STYLE = Automatic;
				DEVELOPMENT_ASSET_PATHS = "\"SwiftUI-LoginView/Preview Content\"";
				DEVELOPMENT_TEAM = W7G8NRL7L9;
				ENABLE_PREVIEWS = YES;
				INFOPLIST_FILE = "SwiftUI-LoginView/Info.plist";
				LD_RUNPATH_SEARCH_PATHS = (
					"$(inherited)",
					"@executable_path/Frameworks",
				);
				PRODUCT_BUNDLE_IDENTIFIER = "com.maksimmalyshev.SwiftUI-LoginView";
				PRODUCT_NAME = "$(TARGET_NAME)";
				SWIFT_VERSION = 5.0;
				TARGETED_DEVICE_FAMILY = "1,2";
			};
			name = Release;
		};
/* End XCBuildConfiguration section */

/* Begin XCConfigurationList section */
		B5A683A124474E8E00892E03 /* Build configuration list for PBXProject "SwiftUI-LoginView" */ = {
			isa = XCConfigurationList;
			buildConfigurations = (
				B5A683B824474E9000892E03 /* Debug */,
				B5A683B924474E9000892E03 /* Release */,
			);
			defaultConfigurationIsVisible = 0;
			defaultConfigurationName = Release;
		};
		B5A683BA24474E9000892E03 /* Build configuration list for PBXNativeTarget "SwiftUI-LoginView" */ = {
			isa = XCConfigurationList;
			buildConfigurations = (
				B5A683BB24474E9000892E03 /* Debug */,
				B5A683BC24474E9000892E03 /* Release */,
			);
			defaultConfigurationIsVisible = 0;
			defaultConfigurationName = Release;
		};
/* End XCConfigurationList section */
	};
	rootObject = B5A6839E24474E8E00892E03 /* Project object */;
}
